{
  "name": "syntest-javascript-benchmark",
  "version": "0.0.1",
  "lockfileVersion": 2,
  "requires": true,
  "packages": {
    "": {
      "name": "syntest-javascript-benchmark",
      "version": "0.0.1",
      "license": "Apache-2.0",
      "dependencies": {
        "@syntest/cli": "file:../syntest-core/tools/cli",
        "@syntest/javascript": "file:../syntest-javascript/tools/javascript",
        "@syntest/plugin-core-metric-middleware-file-writer": "file:../syntest-core/plugins/plugin-core-metric-middleware-file-writer",
        "chai": "4.3.6",
        "chai-as-promised": "7.1.1"
      }
    },
    "../syntest-core/plugins/plugin-core-metric-middleware-file-writer": {
      "name": "@syntest/plugin-core-metric-middleware-file-writer",
      "version": "0.1.0-beta.9",
      "license": "Apache-2.0",
      "dependencies": {
        "@syntest/logging": "^0.1.0-beta.6",
        "@syntest/metric": "^0.1.0-beta.6",
        "@syntest/module": "*",
        "d3": "6.7.0",
        "fast-csv": "^4.3.6",
        "jsdom": "^21.1.0"
      },
      "devDependencies": {
        "@types/d3": "^7.4.0"
      },
      "engines": {
        "node": ">=16"
      }
    },
    "../syntest-core/tools/cli": {
      "name": "@syntest/cli",
      "version": "0.2.0-beta.22",
      "license": "Apache-2.0",
      "dependencies": {
        "@syntest/cli-graphics": "^0.1.0-beta.3",
        "@syntest/init": "^0.2.0-beta.18",
        "@syntest/logging": "^0.1.0-beta.6",
        "@syntest/metric": "^0.1.0-beta.6",
        "@syntest/module": "^0.1.0-beta.17",
        "yargs": "^17.7.1"
      },
      "bin": {
        "syntest": "dist/bin.js"
      },
      "engines": {
        "node": ">=16"
      }
    },
    "../syntest-javascript/tools/javascript": {
      "name": "@syntest/javascript",
      "version": "0.1.0-beta.13",
      "license": "Apache-2.0",
      "dependencies": {
        "@syntest/analysis": "^0.1.0-beta.4",
        "@syntest/analysis-javascript": "^0.1.0-beta.7",
        "@syntest/base-language": "^0.2.0-beta.32",
        "@syntest/cli-graphics": "^0.1.0-beta.3",
        "@syntest/instrumentation-javascript": "^0.1.0-beta.5",
        "@syntest/logging": "^0.1.0-beta.6",
        "@syntest/metric": "^0.1.0-beta.5",
        "@syntest/module": "^0.1.0-beta.15",
        "@syntest/search": "^0.4.0-beta.28",
        "@syntest/search-javascript": "^0.1.0-beta.2",
        "yargs": "^17.7.2"
      },
      "engines": {
        "node": ">=10.24.0"
      }
    },
    "node_modules/@syntest/cli": {
      "resolved": "../syntest-core/tools/cli",
      "link": true
    },
    "node_modules/@syntest/javascript": {
      "resolved": "../syntest-javascript/tools/javascript",
      "link": true
    },
    "node_modules/@syntest/plugin-core-metric-middleware-file-writer": {
      "resolved": "../syntest-core/plugins/plugin-core-metric-middleware-file-writer",
      "link": true
    },
    "node_modules/assertion-error": {
      "version": "1.1.0",
      "resolved": "https://registry.npmjs.org/assertion-error/-/assertion-error-1.1.0.tgz",
      "integrity": "sha512-jgsaNduz+ndvGyFt3uSuWqvy4lCnIJiovtouQN5JZHOKCS2QuhEdbcQHFhVksz2N2U9hXJo8odG7ETyWlEeuDw==",
      "engines": {
        "node": "*"
      }
    },
    "node_modules/chai": {
      "version": "4.3.6",
      "resolved": "https://registry.npmjs.org/chai/-/chai-4.3.6.tgz",
      "integrity": "sha512-bbcp3YfHCUzMOvKqsztczerVgBKSsEijCySNlHHbX3VG1nskvqjz5Rfso1gGwD6w6oOV3eI60pKuMOV5MV7p3Q==",
      "dependencies": {
        "assertion-error": "^1.1.0",
        "check-error": "^1.0.2",
        "deep-eql": "^3.0.1",
        "get-func-name": "^2.0.0",
        "loupe": "^2.3.1",
        "pathval": "^1.1.1",
        "type-detect": "^4.0.5"
      },
      "engines": {
        "node": ">=4"
      }
    },
    "node_modules/chai-as-promised": {
      "version": "7.1.1",
      "resolved": "https://registry.npmjs.org/chai-as-promised/-/chai-as-promised-7.1.1.tgz",
      "integrity": "sha512-azL6xMoi+uxu6z4rhWQ1jbdUhOMhis2PvscD/xjLqNMkv3BPPp2JyyuTHOrf9BOosGpNQ11v6BKv/g57RXbiaA==",
      "dependencies": {
        "check-error": "^1.0.2"
      },
      "peerDependencies": {
        "chai": ">= 2.1.2 < 5"
      }
    },
    "node_modules/check-error": {
      "version": "1.0.2",
      "resolved": "https://registry.npmjs.org/check-error/-/check-error-1.0.2.tgz",
      "integrity": "sha512-BrgHpW9NURQgzoNyjfq0Wu6VFO6D7IZEmJNdtgNqpzGG8RuNFHt2jQxWlAs4HMe119chBnv+34syEZtc6IhLtA==",
      "engines": {
        "node": "*"
      }
    },
    "node_modules/deep-eql": {
      "version": "3.0.1",
      "resolved": "https://registry.npmjs.org/deep-eql/-/deep-eql-3.0.1.tgz",
      "integrity": "sha512-+QeIQyN5ZuO+3Uk5DYh6/1eKO0m0YmJFGNmFHGACpf1ClL1nmlV/p4gNgbl2pJGxgXb4faqo6UE+M5ACEMyVcw==",
      "dependencies": {
        "type-detect": "^4.0.0"
      },
      "engines": {
        "node": ">=0.12"
      }
    },
    "node_modules/get-func-name": {
      "version": "2.0.0",
      "resolved": "https://registry.npmjs.org/get-func-name/-/get-func-name-2.0.0.tgz",
      "integrity": "sha512-Hm0ixYtaSZ/V7C8FJrtZIuBBI+iSgL+1Aq82zSu8VQNB4S3Gk8e7Qs3VwBDJAhmRZcFqkl3tQu36g/Foh5I5ig==",
      "engines": {
        "node": "*"
      }
    },
    "node_modules/loupe": {
      "version": "2.3.6",
      "resolved": "https://registry.npmjs.org/loupe/-/loupe-2.3.6.tgz",
      "integrity": "sha512-RaPMZKiMy8/JruncMU5Bt6na1eftNoo++R4Y+N2FrxkDVTrGvcyzFTsaGif4QTeKESheMGegbhw6iUAq+5A8zA==",
      "dependencies": {
        "get-func-name": "^2.0.0"
      }
    },
    "node_modules/pathval": {
      "version": "1.1.1",
      "resolved": "https://registry.npmjs.org/pathval/-/pathval-1.1.1.tgz",
      "integrity": "sha512-Dp6zGqpTdETdR63lehJYPeIOqpiNBNtc7BpWSLrOje7UaIsE5aY92r/AunQA7rsXvet3lrJ3JnZX29UPTKXyKQ==",
      "engines": {
        "node": "*"
      }
    },
    "node_modules/type-detect": {
      "version": "4.0.8",
      "resolved": "https://registry.npmjs.org/type-detect/-/type-detect-4.0.8.tgz",
      "integrity": "sha512-0fr/mIH1dlO+x7TlcMy+bIDqKPsw/70tVyeHW787goQjhmqaZe10uwLujubK9q9Lg6Fiho1KUKDYz0Z7k7g5/g==",
      "engines": {
        "node": ">=4"
      }
    }
  },
  "dependencies": {
    "@syntest/cli": {
      "version": "file:../syntest-core/tools/cli",
      "requires": {
        "@syntest/cli-graphics": "^0.1.0-beta.3",
        "@syntest/init": "^0.2.0-beta.18",
        "@syntest/logging": "^0.1.0-beta.6",
        "@syntest/metric": "^0.1.0-beta.6",
        "@syntest/module": "^0.1.0-beta.17",
        "yargs": "^17.7.1"
      }
    },
    "@syntest/javascript": {
      "version": "file:../syntest-javascript/tools/javascript",
      "requires": {
        "@syntest/analysis": "^0.1.0-beta.4",
        "@syntest/analysis-javascript": "^0.1.0-beta.7",
        "@syntest/base-language": "^0.2.0-beta.32",
        "@syntest/cli-graphics": "^0.1.0-beta.3",
        "@syntest/instrumentation-javascript": "^0.1.0-beta.5",
        "@syntest/logging": "^0.1.0-beta.6",
        "@syntest/metric": "^0.1.0-beta.5",
        "@syntest/module": "^0.1.0-beta.15",
        "@syntest/search": "^0.4.0-beta.28",
        "@syntest/search-javascript": "^0.1.0-beta.2",
        "yargs": "^17.7.2"
      }
    },
    "@syntest/plugin-core-metric-middleware-file-writer": {
      "version": "file:../syntest-core/plugins/plugin-core-metric-middleware-file-writer",
      "requires": {
        "@syntest/logging": "^0.1.0-beta.6",
        "@syntest/metric": "^0.1.0-beta.6",
        "@syntest/module": "*",
        "@types/d3": "^7.4.0",
        "d3": "6.7.0",
        "fast-csv": "^4.3.6",
        "jsdom": "^21.1.0"
      }
    },
    "assertion-error": {
      "version": "1.1.0",
      "resolved": "https://registry.npmjs.org/assertion-error/-/assertion-error-1.1.0.tgz",
      "integrity": "sha512-jgsaNduz+ndvGyFt3uSuWqvy4lCnIJiovtouQN5JZHOKCS2QuhEdbcQHFhVksz2N2U9hXJo8odG7ETyWlEeuDw=="
    },
    "chai": {
      "version": "4.3.6",
      "resolved": "https://registry.npmjs.org/chai/-/chai-4.3.6.tgz",
      "integrity": "sha512-bbcp3YfHCUzMOvKqsztczerVgBKSsEijCySNlHHbX3VG1nskvqjz5Rfso1gGwD6w6oOV3eI60pKuMOV5MV7p3Q==",
      "requires": {
        "assertion-error": "^1.1.0",
        "check-error": "^1.0.2",
        "deep-eql": "^3.0.1",
        "get-func-name": "^2.0.0",
        "loupe": "^2.3.1",
        "pathval": "^1.1.1",
        "type-detect": "^4.0.5"
      }
    },
    "chai-as-promised": {
      "version": "7.1.1",
      "resolved": "https://registry.npmjs.org/chai-as-promised/-/chai-as-promised-7.1.1.tgz",
      "integrity": "sha512-azL6xMoi+uxu6z4rhWQ1jbdUhOMhis2PvscD/xjLqNMkv3BPPp2JyyuTHOrf9BOosGpNQ11v6BKv/g57RXbiaA==",
      "requires": {
        "check-error": "^1.0.2"
      }
    },
    "check-error": {
      "version": "1.0.2",
      "resolved": "https://registry.npmjs.org/check-error/-/check-error-1.0.2.tgz",
      "integrity": "sha512-BrgHpW9NURQgzoNyjfq0Wu6VFO6D7IZEmJNdtgNqpzGG8RuNFHt2jQxWlAs4HMe119chBnv+34syEZtc6IhLtA=="
    },
    "deep-eql": {
      "version": "3.0.1",
      "resolved": "https://registry.npmjs.org/deep-eql/-/deep-eql-3.0.1.tgz",
      "integrity": "sha512-+QeIQyN5ZuO+3Uk5DYh6/1eKO0m0YmJFGNmFHGACpf1ClL1nmlV/p4gNgbl2pJGxgXb4faqo6UE+M5ACEMyVcw==",
      "requires": {
        "type-detect": "^4.0.0"
      }
    },
    "get-func-name": {
      "version": "2.0.0",
      "resolved": "https://registry.npmjs.org/get-func-name/-/get-func-name-2.0.0.tgz",
      "integrity": "sha512-Hm0ixYtaSZ/V7C8FJrtZIuBBI+iSgL+1Aq82zSu8VQNB4S3Gk8e7Qs3VwBDJAhmRZcFqkl3tQu36g/Foh5I5ig=="
    },
    "loupe": {
      "version": "2.3.6",
      "resolved": "https://registry.npmjs.org/loupe/-/loupe-2.3.6.tgz",
      "integrity": "sha512-RaPMZKiMy8/JruncMU5Bt6na1eftNoo++R4Y+N2FrxkDVTrGvcyzFTsaGif4QTeKESheMGegbhw6iUAq+5A8zA==",
      "requires": {
        "get-func-name": "^2.0.0"
      }
    },
    "pathval": {
      "version": "1.1.1",
      "resolved": "https://registry.npmjs.org/pathval/-/pathval-1.1.1.tgz",
      "integrity": "sha512-Dp6zGqpTdETdR63lehJYPeIOqpiNBNtc7BpWSLrOje7UaIsE5aY92r/AunQA7rsXvet3lrJ3JnZX29UPTKXyKQ=="
    },
    "type-detect": {
      "version": "4.0.8",
      "resolved": "https://registry.npmjs.org/type-detect/-/type-detect-4.0.8.tgz",
      "integrity": "sha512-0fr/mIH1dlO+x7TlcMy+bIDqKPsw/70tVyeHW787goQjhmqaZe10uwLujubK9q9Lg6Fiho1KUKDYz0Z7k7g5/g=="
    }
  }
}
